<?xml version="1.0" encoding="utf-8"?>
<Project ToolsVersion="4.0" xmlns="http://schemas.microsoft.com/developer/msbuild/2003">
  <ItemGroup>
    <Filter Include="Source Files">
      <UniqueIdentifier>{4FC737F1-C7A5-4376-A066-2A32D752A2FF}</UniqueIdentifier>
      <Extensions>cpp;c;cc;cxx;c++;cppm;ixx;def;odl;idl;hpj;bat;asm;asmx</Extensions>
    </Filter>
    <Filter Include="Header Files">
      <UniqueIdentifier>{93995380-89BD-4b04-88EB-625FBE52EBFB}</UniqueIdentifier>
      <Extensions>h;hh;hpp;hxx;h++;hm;inl;inc;ipp;xsd</Extensions>
    </Filter>
    <Filter Include="Resource Files">
      <UniqueIdentifier>{67DA6AB6-F800-4c08-8B7A-83BB121AAD01}</UniqueIdentifier>
      <Extensions>rc;ico;cur;bmp;dlg;rc2;rct;bin;rgs;gif;jpg;jpeg;jpe;resx;tiff;tif;png;wav;mfcribbon-ms</Extensions>
    </Filter>
    <Filter Include="Header Files\TransformHandlers">
      <UniqueIdentifier>{bbafa30d-e7dd-4783-ba3d-883d3208d3df}</UniqueIdentifier>
    </Filter>
    <Filter Include="Source Files\TransformHandlers">
      <UniqueIdentifier>{b94244fb-aed7-4a1f-9214-ea840e957206}</UniqueIdentifier>
    </Filter>
    <Filter Include="Header Files\GridHandlers">
      <UniqueIdentifier>{bc9babe4-11bd-410e-9b13-53e2684a6572}</UniqueIdentifier>
    </Filter>
    <Filter Include="Source Files\GridHandlers">
      <UniqueIdentifier>{5eb1dba7-61b5-429c-9bee-cba00aec6443}</UniqueIdentifier>
    </Filter>
  </ItemGroup>
  <ItemGroup>
    <ClCompile Include="Mould3r.cpp">
      <Filter>Source Files</Filter>
    </ClCompile>
    <ClCompile Include="camera.cpp">
      <Filter>Source Files</Filter>
    </ClCompile>
    <ClCompile Include="FileImporter.cpp">
      <Filter>Source Files</Filter>
    </ClCompile>
    <ClCompile Include="DesignChecks.cpp">
      <Filter>Source Files</Filter>
    </ClCompile>
    <ClCompile Include="MainFrame.cpp">
      <Filter>Source Files</Filter>
    </ClCompile>
    <ClCompile Include="main.cpp">
      <Filter>Source Files</Filter>
    </ClCompile>
    <ClCompile Include="GLCanvas.cpp">
      <Filter>Source Files</Filter>
    </ClCompile>
    <ClCompile Include="GridRenderer.cpp">
      <Filter>Source Files</Filter>
    </ClCompile>
    <ClCompile Include="MeshUtils.cpp">
      <Filter>Source Files</Filter>
    </ClCompile>
    <ClCompile Include="shaders.cpp">
      <Filter>Source Files</Filter>
    </ClCompile>
    <ClCompile Include="MeshOps.cpp">
      <Filter>Source Files</Filter>
    </ClCompile>
    <ClCompile Include="StartupDialog.cpp">
      <Filter>Source Files</Filter>
    </ClCompile>
    <ClCompile Include="ProceduralFixtureDialog.cpp">
      <Filter>Source Files</Filter>
    </ClCompile>
    <ClCompile Include="TranslateDialog.cpp">
      <Filter>Source Files\TransformHandlers</Filter>
    </ClCompile>
    <ClCompile Include="PrecisionPlaceDialog.cpp">
      <Filter>Source Files\TransformHandlers</Filter>
    </ClCompile>
    <ClCompile Include="GridSettingsDialog.cpp">
      <Filter>Source Files\GridHandlers</Filter>
    </ClCompile>
    <ClCompile Include="ScaleDialog.cpp">
      <Filter>Source Files\TransformHandlers</Filter>
    </ClCompile>
    <ClCompile Include="RotateDialog.cpp">
      <Filter>Source Files\TransformHandlers</Filter>
    </ClCompile>
    <ClCompile Include="FixtureFile.cpp">
      <Filter>Source Files</Filter>
    </ClCompile>
    <ClCompile Include="AppConfig.cpp">
      <Filter>Source Files</Filter>
    </ClCompile>
    <ClCompile Include="MouldFeature.cpp">
      <Filter>Source Files</Filter>
    </ClCompile>
    <ClCompile Include="VentFeature.cpp">
      <Filter>Source Files</Filter>
    </ClCompile>
    <ClCompile Include="ProjectFile.cpp">
      <Filter>Source Files</Filter>
    </ClCompile>
    <ClCompile Include="MeshImportSettings.cpp">
      <Filter>Source Files</Filter>
    </ClCompile>
    <ClCompile Include="MeshSimplify.cpp">
      <Filter>Source Files</Filter>
    </ClCompile>
    <ClCompile Include="PatternDialog.cpp">
      <Filter>Source Files</Filter>
    </ClCompile>
    <ClCompile Include="PreviewPanel.cpp">
      <Filter>Source Files</Filter>
    </ClCompile>
    <ClCompile Include="FixtureCanvas.cpp">
      <Filter>Source Files</Filter>
    </ClCompile>
    <ClCompile Include="FixtureEditor.cpp">
      <Filter>Source Files</Filter>
    </ClCompile>
    <ClCompile Include="GLLoader.cpp">
      <Filter>Source Files</Filter>
    </ClCompile>
    <ClCompile Include="InjectionPointDialog.cpp">
      <Filter>Source Files</Filter>
    </ClCompile>
    <ClCompile Include="CreateFixtureDialog.cpp">
      <Filter>Source Files</Filter>
    </ClCompile>
    <ClCompile Include="RoundedButton.cpp">
      <Filter>Source Files</Filter>
    </ClCompile>
    <ClCompile Include="SplitButton.cpp">
      <Filter>Source Files</Filter>
    </ClCompile>
    <ClCompile Include="SprueEditToolbar.cpp">
      <Filter>Source Files</Filter>
    </ClCompile>
    <ClCompile Include="PerspectiveButton.cpp">
      <Filter>Source Files</Filter>
    </ClCompile>
    <ClCompile Include="VentEditToolbar.cpp">
      <Filter>Source Files</Filter>
    </ClCompile>
    <ClCompile Include="WindowEffects.cpp">
      <Filter>Source Files</Filter>
    </ClCompile>
  </ItemGroup>
  <ItemGroup>
    <ClInclude Include="Mould3r.h">
      <Filter>Header Files</Filter>
    </ClInclude>
    <ClInclude Include="camera.h">
      <Filter>Header Files</Filter>
    </ClInclude>
    <ClInclude Include="FileImporter.h">
      <Filter>Header Files</Filter>
    </ClInclude>
    <ClInclude Include="DesignChecks.h">
      <Filter>Header Files</Filter>
    </ClInclude>
    <ClInclude Include="MainFrame.h">
      <Filter>Header Files</Filter>
    </ClInclude>
    <ClInclude Include="GLCanvas.h">
      <Filter>Header Files</Filter>
    </ClInclude>
    <ClInclude Include="GridRenderer.h">
      <Filter>Header Files</Filter>
    </ClInclude>
    <ClInclude Include="MeshUtils.h">
      <Filter>Header Files</Filter>
    </ClInclude>
    <ClInclude Include="shaders.h">
      <Filter>Header Files</Filter>
    </ClInclude>
    <ClInclude Include="MeshOps.h">
      <Filter>Header Files</Filter>
    </ClInclude>
    <ClInclude Include="TranslateDialog.h">
      <Filter>Header Files\TransformHandlers</Filter>
    </ClInclude>
    <ClInclude Include="PrecisionPlaceDialog.h">
      <Filter>Header Files\TransformHandlers</Filter>
    </ClInclude>
    <ClInclude Include="GridSettings.h">
      <Filter>Header Files\GridHandlers</Filter>
    </ClInclude>
    <ClInclude Include="GridSettingsDialog.h">
      <Filter>Header Files\GridHandlers</Filter>
    </ClInclude>
    <ClInclude Include="ScaleDialog.h">
      <Filter>Header Files\TransformHandlers</Filter>
    </ClInclude>
    <ClInclude Include="StartupDialog.h">
      <Filter>Header Files</Filter>
    </ClInclude>
    <ClInclude Include="ProceduralFixtureDialog.h">
      <Filter>Header Files</Filter>
    </ClInclude>
    <ClInclude Include="RotateDialog.h">
      <Filter>Header Files\TransformHandlers</Filter>
    </ClInclude>
    <ClInclude Include="FixtureFile.h">
      <Filter>Header Files</Filter>
    </ClInclude>
    <ClInclude Include="AppConfig.h">
      <Filter>Header Files</Filter>
    </ClInclude>
    <ClInclude Include="MouldFeature.h">
      <Filter>Header Files</Filter>
    </ClInclude>
    <ClInclude Include="VentFeature.h">
      <Filter>Header Files</Filter>
    </ClInclude>
    <ClInclude Include="style.h">
      <Filter>Header Files</Filter>
    </ClInclude>
    <ClInclude Include="ProjectFile.h">
      <Filter>Header Files</Filter>
    </ClInclude>
    <ClInclude Include="MeshImportSettings.h">
      <Filter>Header Files</Filter>
    </ClInclude>
    <ClInclude Include="MeshSimplify.h">
      <Filter>Header Files</Filter>
    </ClInclude>
    <ClInclude Include="PatternDialog.h">
      <Filter>Header Files</Filter>
    </ClInclude>
    <ClInclude Include="PreviewPanel.h">
      <Filter>Header Files</Filter>
    </ClInclude>
    <ClInclude Include="FixtureCanvas.h">
      <Filter>Header Files</Filter>
    </ClInclude>
    <ClInclude Include="FixtureEditor.h">
      <Filter>Header Files</Filter>
    </ClInclude>
    <ClInclude Include="GLLoader.h">
      <Filter>Header Files</Filter>
    </ClInclude>
    <ClInclude Include="InjectionPointDialog.h">
      <Filter>Header Files</Filter>
    </ClInclude>
    <ClInclude Include="CreateFixtureDialog.h">
      <Filter>Header Files</Filter>
    </ClInclude>
    <ClInclude Include="RoundedButton.h">
      <Filter>Header Files</Filter>
    </ClInclude>
    <ClInclude Include="SplitButton.h">
      <Filter>Header Files</Filter>
    </ClInclude>
    <ClInclude Include="SprueEditToolbar.h">
      <Filter>Header Files</Filter>
    </ClInclude>
    <ClInclude Include="PerspectiveButton.h">
      <Filter>Header Files</Filter>
    </ClInclude>
    <ClInclude Include="VentEditToolbar.h">
      <Filter>Header Files</Filter>
    </ClInclude>
    <ClInclude Include="WindowEffects.h">
      <Filter>Header Files</Filter>
    </ClInclude>
  </ItemGroup>
  <ItemGroup>
    <None Include="vcpkg.json" />
  </ItemGroup>
  <ItemGroup>
    <ResourceCompile Include="app.rc">
      <Filter>Resource Files</Filter>
    </ResourceCompile>
  </ItemGroup>
</Project>